
Microsoft Visual Studio Solution File, Format Version 12.00
# Visual Studio Version 17
VisualStudioVersion = 17.13.35931.197 d17.13
MinimumVisualStudioVersion = 10.0.40219.1
Project("{FAE04EC0-301F-11D3-BF4B-00C04F79EFBC}") = "LeaveManagement", "LeaveManagement.csproj", "{D2AF6A31-2806-4DDA-AA7F-B169098D9A7C}"
EndProject
Global
	GlobalSection(SolutionConfigurationPlatforms) = preSolution
		Debug|Any CPU = Debug|Any CPU
		Release|Any CPU = Release|Any CPU
	EndGlobalSection
	GlobalSection(ProjectConfigurationPlatforms) = postSolution
		{D2AF6A31-2806-4DDA-AA7F-B169098D9A7C}.Debug|Any CPU.ActiveCfg = Debug|Any CPU
		{D2AF6A31-2806-4DDA-AA7F-B169098D9A7C}.Debug|Any CPU.Build.0 = Debug|Any CPU
		{D2AF6A31-2806-4DDA-AA7F-B169098D9A7C}.Release|Any CPU.ActiveCfg = Release|Any CPU
		{D2AF6A31-2806-4DDA-AA7F-B169098D9A7C}.Release|Any CPU.Build.0 = Release|Any CPU
	EndGlobalSection
	GlobalSection(SolutionProperties) = preSolution
		HideSolutionNode = FALSE
	EndGlobalSection
	GlobalSection(ExtensibilityGlobals) = postSolution
		SolutionGuid = {5DFFD337-3CDF-4F7F-884E-DADADBD90207}
	EndGlobalSection
EndGlobal
